
Microsoft Visual Studio Solution File, Format Version 12.00
# Visual Studio Version 16
VisualStudioVersion = 16.0.31129.286
MinimumVisualStudioVersion = 10.0.40219.1
Project("{FAE04EC0-301F-11D3-BF4B-00C04F79EFBC}") = "ChangeBackBufferSize", "ChangeBackBufferSize\ChangeBackBufferSize.csproj", "{59909B30-74BB-4B52-90B8-A6D89DAC2E04}"
EndProject
Global
	GlobalSection(SolutionConfigurationPlatforms) = preSolution
		Debug|Any CPU = Debug|Any CPU
		Release|Any CPU = Release|Any CPU
	EndGlobalSection
	GlobalSection(ProjectConfigurationPlatforms) = postSolution
		{59909B30-74BB-4B52-90B8-A6D89DAC2E04}.Debug|Any CPU.ActiveCfg = Debug|Any CPU
		{59909B30-74BB-4B52-90B8-A6D89DAC2E04}.Debug|Any CPU.Build.0 = Debug|Any CPU
		{59909B30-74BB-4B52-90B8-A6D89DAC2E04}.Release|Any CPU.ActiveCfg = Release|Any CPU
		{59909B30-74BB-4B52-90B8-A6D89DAC2E04}.Release|Any CPU.Build.0 = Release|Any CPU
	EndGlobalSection
	GlobalSection(SolutionProperties) = preSolution
		HideSolutionNode = FALSE
	EndGlobalSection
	GlobalSection(ExtensibilityGlobals) = postSolution
		SolutionGuid = {9B061D65-C92F-4C6A-83FF-4AC3336BA506}
	EndGlobalSection
EndGlobal
